# This file is @generated by PDM.
# It is not intended for manual editing.

[metadata]
groups = ["default", "dev"]
strategy = ["inherit_metadata"]
lock_version = "4.5.0"
content_hash = "sha256:7bc10da081f85381d09072634adebdd56da140452f1a12145ef68ede5aa92f6c"

[[metadata.targets]]
requires_python = ">=3.9"

[[package]]
name = "astropy"
version = "6.0.1"
requires_python = ">=3.9"
summary = "Astronomy and astrophysics core library"
groups = ["default"]
dependencies = [
    "PyYAML>=3.13",
    "astropy-iers-data>=0.2024.2.26.0.28.55",
    "numpy<2,>=1.22",
    "packaging>=19.0",
    "pyerfa>=2.0.1.1",
]
files = [
    {file = "astropy-6.0.1-cp310-cp310-macosx_10_9_x86_64.whl", hash = "sha256:2b5ff962b0e586953f95b63ec047e1d7a3b6a12a13d11c6e909e0bcd3e05b445"},
    {file = "astropy-6.0.1-cp310-cp310-macosx_11_0_arm64.whl", hash = "sha256:129ed1fb1d23e6fbf8b8e697c2e7340d99bc6271b8c59f9572f3f47063a42e6a"},
    {file = "astropy-6.0.1-cp310-cp310-manylinux_2_17_aarch64.manylinux2014_aarch64.whl", hash = "sha256:6e998ee0ffa58342b4d44f2843b036015e3a6326b53185c5361fea4430658466"},
    {file = "astropy-6.0.1-cp310-cp310-manylinux_2_17_x86_64.manylinux2014_x86_64.whl", hash = "sha256:c33e3d746c3e7a324dbd76b236fe1e44304d5b6d941a1f724f419d01666d6d88"},
    {file = "astropy-6.0.1-cp310-cp310-musllinux_1_1_x86_64.whl", hash = "sha256:2f53caf9efebcc9040a92c977dcdae78dd0ff4de218fd316e4fcaffd9ace8dc1"},
    {file = "astropy-6.0.1-cp310-cp310-win32.whl", hash = "sha256:242b8f101301ab303366109d0dfe3cf0db745bf778f7b859fb486105197577d1"},
    {file = "astropy-6.0.1-cp310-cp310-win_amd64.whl", hash = "sha256:1db9e95438472f6ed53fa2f4e2811c2d84f4085eeacc3cb8820d770d1ea61d1c"},
    {file = "astropy-6.0.1-cp311-cp311-macosx_10_9_x86_64.whl", hash = "sha256:c682967736228cc4477e63db0e8854375dd31d755de55b30256de98f1f7b7c23"},
    {file = "astropy-6.0.1-cp311-cp311-macosx_11_0_arm64.whl", hash = "sha256:5208b6f10956ca92efb73375364c81a7df365b441b07f4941a24ee0f1bd9e292"},
    {file = "astropy-6.0.1-cp311-cp311-manylinux_2_17_aarch64.manylinux2014_aarch64.whl", hash = "sha256:6f28facb5800c0617f233c1db0e622da83de1f74ca28d0ff8646e360d4fda74e"},
    {file = "astropy-6.0.1-cp311-cp311-manylinux_2_17_x86_64.manylinux2014_x86_64.whl", hash = "sha256:2c00922548a666b026e2630a563090341d74c8222066e9c84c9673395bca7363"},
    {file = "astropy-6.0.1-cp311-cp311-musllinux_1_1_x86_64.whl", hash = "sha256:9b3bf27c51fb46bba993695eebd0c39a4e2a792b707e65b28ac4e8ae703f93d4"},
    {file = "astropy-6.0.1-cp311-cp311-win32.whl", hash = "sha256:1f183ab42655ad09b064a4e8eb9cd1eaa138b90ca2f0cd82a200afda062063a5"},
    {file = "astropy-6.0.1-cp311-cp311-win_amd64.whl", hash = "sha256:d934aff5fe81e84a45098e281f969976963cc16b3401176a8171affd84301a27"},
    {file = "astropy-6.0.1-cp312-cp312-macosx_10_9_x86_64.whl", hash = "sha256:4fdd54fa57b85d50c4b83ab7ffd90ba2ffcc3d725e3f8d5ffa1ff5f500ef6b97"},
    {file = "astropy-6.0.1-cp312-cp312-macosx_11_0_arm64.whl", hash = "sha256:d1eb40fe68121753f43fc82d618a2eae53dd0731689e124ef9e002aa2c241c4f"},
    {file = "astropy-6.0.1-cp312-cp312-manylinux_2_17_aarch64.manylinux2014_aarch64.whl", hash = "sha256:8bc267738a85f633142c246dceefa722b653e7ba99f02e86dd9a7b980467eafc"},
    {file = "astropy-6.0.1-cp312-cp312-manylinux_2_17_x86_64.manylinux2014_x86_64.whl", hash = "sha256:e604898ca1790c9fd2e2dc83b38f9185556ea618a3a6e6be31c286fafbebd165"},
    {file = "astropy-6.0.1-cp312-cp312-musllinux_1_1_x86_64.whl", hash = "sha256:034dff5994428fb89813f40a18600dd8804128c52edf3d1baa8936eca3738de4"},
    {file = "astropy-6.0.1-cp312-cp312-win32.whl", hash = "sha256:87ebbae7ba52f4de9b9f45029a3167d6515399138048d0b734c9033fda7fd723"},
    {file = "astropy-6.0.1-cp312-cp312-win_amd64.whl", hash = "sha256:8fbd6d88935749ae892445691ac0dbd1923fc6d8094753a35150fc7756118fe3"},
    {file = "astropy-6.0.1-cp39-cp39-macosx_10_9_x86_64.whl", hash = "sha256:f18536d6f97faa81ed6c9af7bb2e27b376b41b27399f862e3b13387538c966b9"},
    {file = "astropy-6.0.1-cp39-cp39-macosx_11_0_arm64.whl", hash = "sha256:764992af1ee1cd6d6f26373d09ddb5ede639d025ce9ff658b3b6580dc2ba4ec6"},
    {file = "astropy-6.0.1-cp39-cp39-manylinux_2_17_aarch64.manylinux2014_aarch64.whl", hash = "sha256:34fd2bb39cbfa6a8815b5cc99008d59057b9d341db00c67dbb40a3784a8dfb08"},
    {file = "astropy-6.0.1-cp39-cp39-manylinux_2_17_x86_64.manylinux2014_x86_64.whl", hash = "sha256:ca9da00bfa95fbf8475d22aba6d7d046f3821a107b733fc7c7c35c74fcfa2bbf"},
    {file = "astropy-6.0.1-cp39-cp39-musllinux_1_1_x86_64.whl", hash = "sha256:15a5da8a0a84d75b55fafd56630578131c3c9186e4e486b4d2fb15c349b844d0"},
    {file = "astropy-6.0.1-cp39-cp39-win32.whl", hash = "sha256:46cbadf360bbadb6a106217e104b91f85dd618658caffdaab5d54a14d0d52563"},
    {file = "astropy-6.0.1-cp39-cp39-win_amd64.whl", hash = "sha256:eaff9388a2fed0757bd0b4c41c9346d0edea9e7e938a4bfa8070eaabbb538a23"},
    {file = "astropy-6.0.1.tar.gz", hash = "sha256:89a975de356d0608e74f1f493442fb3acbbb7a85b739e074460bb0340014b39c"},
]

[[package]]
name = "astropy-iers-data"
version = "0.2024.7.29.0.32.7"
requires_python = ">=3.8"
summary = "IERS Earth Rotation and Leap Second tables for the astropy core package"
groups = ["default"]
files = [
    {file = "astropy_iers_data-0.2024.7.29.0.32.7-py3-none-any.whl", hash = "sha256:7c8fb523731f6c2c039c112be089c998202020234d2a6155a1f3620b4cfbf24d"},
    {file = "astropy_iers_data-0.2024.7.29.0.32.7.tar.gz", hash = "sha256:32967816e4758603b571303ea3c8a836570aacb10f9bb258154f10d2913faf6d"},
]

[[package]]
name = "colorama"
version = "0.4.6"
requires_python = "!=3.0.*,!=3.1.*,!=3.2.*,!=3.3.*,!=3.4.*,!=3.5.*,!=3.6.*,>=2.7"
summary = "Cross-platform colored terminal text."
groups = ["dev"]
marker = "sys_platform == \"win32\""
files = [
    {file = "colorama-0.4.6-py2.py3-none-any.whl", hash = "sha256:4f1d9991f5acc0ca119f9d443620b77f9d6b33703e51011c16baf57afb285fc6"},
    {file = "colorama-0.4.6.tar.gz", hash = "sha256:08695f5cb7ed6e0531a20572697297273c47b8cae5a63ffc6d6ed5c201be6e44"},
]

[[package]]
name = "exceptiongroup"
version = "1.2.0"
requires_python = ">=3.7"
summary = "Backport of PEP 654 (exception groups)"
groups = ["dev"]
marker = "python_version < \"3.11\""
files = [
    {file = "exceptiongroup-1.2.0-py3-none-any.whl", hash = "sha256:4bfd3996ac73b41e9b9628b04e079f193850720ea5945fc96a08633c66912f14"},
    {file = "exceptiongroup-1.2.0.tar.gz", hash = "sha256:91f5c769735f051a4290d52edd0858999b57e5876e9f85937691bd4c9fa3ed68"},
]

[[package]]
name = "iext"
version = "1.1.0"
requires_python = ">=3.8"
summary = "Python import extension metaclass."
groups = ["default"]
files = [
    {file = "iext-1.1.0-py3-none-any.whl", hash = "sha256:0b0bf44b21f79371b9f665cd408e40985273bcf27cd582a70c11961c6da93445"},
    {file = "iext-1.1.0.tar.gz", hash = "sha256:2799e6e421339dc889987a9ade973e18c71089d4cb696f354a547295762cc516"},
]

[[package]]
name = "iniconfig"
version = "2.0.0"
requires_python = ">=3.7"
summary = "brain-dead simple config-ini parsing"
groups = ["dev"]
files = [
    {file = "iniconfig-2.0.0-py3-none-any.whl", hash = "sha256:b6a85871a79d2e3b22d2d1b94ac2824226a63c6b741c88f7ae975f18b6778374"},
    {file = "iniconfig-2.0.0.tar.gz", hash = "sha256:2d91e135bf72d31a410b17c16da610a82cb55f6b0477d1a902134b24a455b8b3"},
]

[[package]]
name = "numpy"
version = "1.26.4"
requires_python = ">=3.9"
summary = "Fundamental package for array computing in Python"
groups = ["default"]
files = [
    {file = "numpy-1.26.4-cp310-cp310-macosx_10_9_x86_64.whl", hash = "sha256:9ff0f4f29c51e2803569d7a51c2304de5554655a60c5d776e35b4a41413830d0"},
    {file = "numpy-1.26.4-cp310-cp310-macosx_11_0_arm64.whl", hash = "sha256:2e4ee3380d6de9c9ec04745830fd9e2eccb3e6cf790d39d7b98ffd19b0dd754a"},
    {file = "numpy-1.26.4-cp310-cp310-manylinux_2_17_aarch64.manylinux2014_aarch64.whl", hash = "sha256:d209d8969599b27ad20994c8e41936ee0964e6da07478d6c35016bc386b66ad4"},
    {file = "numpy-1.26.4-cp310-cp310-manylinux_2_17_x86_64.manylinux2014_x86_64.whl", hash = "sha256:ffa75af20b44f8dba823498024771d5ac50620e6915abac414251bd971b4529f"},
    {file = "numpy-1.26.4-cp310-cp310-musllinux_1_1_aarch64.whl", hash = "sha256:62b8e4b1e28009ef2846b4c7852046736bab361f7aeadeb6a5b89ebec3c7055a"},
    {file = "numpy-1.26.4-cp310-cp310-musllinux_1_1_x86_64.whl", hash = "sha256:a4abb4f9001ad2858e7ac189089c42178fcce737e4169dc61321660f1a96c7d2"},
    {file = "numpy-1.26.4-cp310-cp310-win32.whl", hash = "sha256:bfe25acf8b437eb2a8b2d49d443800a5f18508cd811fea3181723922a8a82b07"},
    {file = "numpy-1.26.4-cp310-cp310-win_amd64.whl", hash = "sha256:b97fe8060236edf3662adfc2c633f56a08ae30560c56310562cb4f95500022d5"},
    {file = "numpy-1.26.4-cp311-cp311-macosx_10_9_x86_64.whl", hash = "sha256:4c66707fabe114439db9068ee468c26bbdf909cac0fb58686a42a24de1760c71"},
    {file = "numpy-1.26.4-cp311-cp311-macosx_11_0_arm64.whl", hash = "sha256:edd8b5fe47dab091176d21bb6de568acdd906d1887a4584a15a9a96a1dca06ef"},
    {file = "numpy-1.26.4-cp311-cp311-manylinux_2_17_aarch64.manylinux2014_aarch64.whl", hash = "sha256:7ab55401287bfec946ced39700c053796e7cc0e3acbef09993a9ad2adba6ca6e"},
    {file = "numpy-1.26.4-cp311-cp311-manylinux_2_17_x86_64.manylinux2014_x86_64.whl", hash = "sha256:666dbfb6ec68962c033a450943ded891bed2d54e6755e35e5835d63f4f6931d5"},
    {file = "numpy-1.26.4-cp311-cp311-musllinux_1_1_aarch64.whl", hash = "sha256:96ff0b2ad353d8f990b63294c8986f1ec3cb19d749234014f4e7eb0112ceba5a"},
    {file = "numpy-1.26.4-cp311-cp311-musllinux_1_1_x86_64.whl", hash = "sha256:60dedbb91afcbfdc9bc0b1f3f402804070deed7392c23eb7a7f07fa857868e8a"},
    {file = "numpy-1.26.4-cp311-cp311-win32.whl", hash = "sha256:1af303d6b2210eb850fcf03064d364652b7120803a0b872f5211f5234b399f20"},
    {file = "numpy-1.26.4-cp311-cp311-win_amd64.whl", hash = "sha256:cd25bcecc4974d09257ffcd1f098ee778f7834c3ad767fe5db785be9a4aa9cb2"},
    {file = "numpy-1.26.4-cp312-cp312-macosx_10_9_x86_64.whl", hash = "sha256:b3ce300f3644fb06443ee2222c2201dd3a89ea6040541412b8fa189341847218"},
    {file = "numpy-1.26.4-cp312-cp312-macosx_11_0_arm64.whl", hash = "sha256:03a8c78d01d9781b28a6989f6fa1bb2c4f2d51201cf99d3dd875df6fbd96b23b"},
    {file = "numpy-1.26.4-cp312-cp312-manylinux_2_17_aarch64.manylinux2014_aarch64.whl", hash = "sha256:9fad7dcb1aac3c7f0584a5a8133e3a43eeb2fe127f47e3632d43d677c66c102b"},
    {file = "numpy-1.26.4-cp312-cp312-manylinux_2_17_x86_64.manylinux2014_x86_64.whl", hash = "sha256:675d61ffbfa78604709862923189bad94014bef562cc35cf61d3a07bba02a7ed"},
    {file = "numpy-1.26.4-cp312-cp312-musllinux_1_1_aarch64.whl", hash = "sha256:ab47dbe5cc8210f55aa58e4805fe224dac469cde56b9f731a4c098b91917159a"},
    {file = "numpy-1.26.4-cp312-cp312-musllinux_1_1_x86_64.whl", hash = "sha256:1dda2e7b4ec9dd512f84935c5f126c8bd8b9f2fc001e9f54af255e8c5f16b0e0"},
    {file = "numpy-1.26.4-cp312-cp312-win32.whl", hash = "sha256:50193e430acfc1346175fcbdaa28ffec49947a06918b7b92130744e81e640110"},
    {file = "numpy-1.26.4-cp312-cp312-win_amd64.whl", hash = "sha256:08beddf13648eb95f8d867350f6a018a4be2e5ad54c8d8caed89ebca558b2818"},
    {file = "numpy-1.26.4-cp39-cp39-macosx_10_9_x86_64.whl", hash = "sha256:7349ab0fa0c429c82442a27a9673fc802ffdb7c7775fad780226cb234965e53c"},
    {file = "numpy-1.26.4-cp39-cp39-macosx_11_0_arm64.whl", hash = "sha256:52b8b60467cd7dd1e9ed082188b4e6bb35aa5cdd01777621a1658910745b90be"},
    {file = "numpy-1.26.4-cp39-cp39-manylinux_2_17_aarch64.manylinux2014_aarch64.whl", hash = "sha256:d5241e0a80d808d70546c697135da2c613f30e28251ff8307eb72ba696945764"},
    {file = "numpy-1.26.4-cp39-cp39-manylinux_2_17_x86_64.manylinux2014_x86_64.whl", hash = "sha256:f870204a840a60da0b12273ef34f7051e98c3b5961b61b0c2c1be6dfd64fbcd3"},
    {file = "numpy-1.26.4-cp39-cp39-musllinux_1_1_aarch64.whl", hash = "sha256:679b0076f67ecc0138fd2ede3a8fd196dddc2ad3254069bcb9faf9a79b1cebcd"},
    {file = "numpy-1.26.4-cp39-cp39-musllinux_1_1_x86_64.whl", hash = "sha256:47711010ad8555514b434df65f7d7b076bb8261df1ca9bb78f53d3b2db02e95c"},
    {file = "numpy-1.26.4-cp39-cp39-win32.whl", hash = "sha256:a354325ee03388678242a4d7ebcd08b5c727033fcff3b2f536aea978e15ee9e6"},
    {file = "numpy-1.26.4-cp39-cp39-win_amd64.whl", hash = "sha256:3373d5d70a5fe74a2c1bb6d2cfd9609ecf686d47a2d7b1d37a8f3b6bf6003aea"},
    {file = "numpy-1.26.4-pp39-pypy39_pp73-macosx_10_9_x86_64.whl", hash = "sha256:afedb719a9dcfc7eaf2287b839d8198e06dcd4cb5d276a3df279231138e83d30"},
    {file = "numpy-1.26.4-pp39-pypy39_pp73-manylinux_2_17_x86_64.manylinux2014_x86_64.whl", hash = "sha256:95a7476c59002f2f6c590b9b7b998306fba6a5aa646b1e22ddfeaf8f78c3a29c"},
    {file = "numpy-1.26.4-pp39-pypy39_pp73-win_amd64.whl", hash = "sha256:7e50d0a0cc3189f9cb0aeb3a6a6af18c16f59f004b866cd2be1c14b36134a4a0"},
    {file = "numpy-1.26.4.tar.gz", hash = "sha256:2a02aba9ed12e4ac4eb3ea9421c420301a0c6460d9830d74a9df87efa4912010"},
]

[[package]]
name = "packaging"
version = "23.2"
requires_python = ">=3.7"
summary = "Core utilities for Python packages"
groups = ["default", "dev"]
files = [
    {file = "packaging-23.2-py3-none-any.whl", hash = "sha256:8c491190033a9af7e1d931d0b5dacc2ef47509b34dd0de67ed209b5203fc88c7"},
    {file = "packaging-23.2.tar.gz", hash = "sha256:048fb0e9405036518eaaf48a55953c750c11e1a1b68e0dd1a9d62ed0c092cfc5"},
]

[[package]]
name = "pluggy"
version = "1.5.0"
requires_python = ">=3.8"
summary = "plugin and hook calling mechanisms for python"
groups = ["dev"]
files = [
    {file = "pluggy-1.5.0-py3-none-any.whl", hash = "sha256:44e1ad92c8ca002de6377e165f3e0f1be63266ab4d554740532335b9d75ea669"},
    {file = "pluggy-1.5.0.tar.gz", hash = "sha256:2cffa88e94fdc978c4c574f15f9e59b7f4201d439195c3715ca9e2486f1d0cf1"},
]

[[package]]
name = "pyerfa"
version = "2.0.1.1"
requires_python = ">=3.9"
summary = "Python bindings for ERFA"
groups = ["default"]
dependencies = [
    "numpy>=1.19",
]
files = [
    {file = "pyerfa-2.0.1.1-cp39-abi3-macosx_10_9_x86_64.whl", hash = "sha256:1ce322ac30673c2aeb0ee22ced4938c1e9e26db0cbe175912a213aaff42383df"},
    {file = "pyerfa-2.0.1.1-cp39-abi3-macosx_11_0_arm64.whl", hash = "sha256:67dfc00dcdea87a9b3c0bb4596fb0cfb54ee9c1c75fdcf19411d1029a18f6eec"},
    {file = "pyerfa-2.0.1.1-cp39-abi3-manylinux_2_17_aarch64.manylinux2014_aarch64.whl", hash = "sha256:34ee545780246fb0d1d3f7e46a6daa152be06a26b2d27fbfe309cab9ab488ea7"},
    {file = "pyerfa-2.0.1.1-cp39-abi3-manylinux_2_17_x86_64.manylinux2014_x86_64.whl", hash = "sha256:1db85db72ab352da6ffc790e41209d8f41feb5b175d682cf1f0e3e60e9e5cdf8"},
    {file = "pyerfa-2.0.1.1-cp39-abi3-musllinux_1_1_x86_64.whl", hash = "sha256:c50b7cdb005632931b7b56a679cf25361ed6b3aa7c21e491e65cc89cb337e66a"},
    {file = "pyerfa-2.0.1.1-cp39-abi3-win32.whl", hash = "sha256:30649047b7a8ce19f43e4d18a26b8a44405a6bb406df16c687330a3b937723b2"},
    {file = "pyerfa-2.0.1.1-cp39-abi3-win_amd64.whl", hash = "sha256:94df7566ce5a5abb14e2dd1fe879204390639e9a76383ec27f10598eb24be760"},
    {file = "pyerfa-2.0.1.1-pp39-pypy39_pp73-macosx_10_9_x86_64.whl", hash = "sha256:0e95cf3d11f76f473bf011980e9ea367ca7e68ca675d8b32499814fb6e387d4c"},
    {file = "pyerfa-2.0.1.1-pp39-pypy39_pp73-manylinux_2_17_x86_64.manylinux2014_x86_64.whl", hash = "sha256:08b5abb90b34e819c1fca69047a76c0d344cb0c8fe4f7c8773f032d8afd623b4"},
    {file = "pyerfa-2.0.1.1-pp39-pypy39_pp73-win_amd64.whl", hash = "sha256:1c0c1efa701cab986aa58d03c58f77e47ea1898bff2684377d29580a055f836a"},
    {file = "pyerfa-2.0.1.1.tar.gz", hash = "sha256:dbac74ef8d3d3b0f22ef0ad3bbbdb30b2a9e10570b1fa5a98be34c7be36c9a6b"},
]

[[package]]
name = "pytest"
version = "8.3.4"
requires_python = ">=3.8"
summary = "pytest: simple powerful testing with Python"
groups = ["dev"]
dependencies = [
    "colorama; sys_platform == \"win32\"",
    "exceptiongroup>=1.0.0rc8; python_version < \"3.11\"",
    "iniconfig",
    "packaging",
    "pluggy<2,>=1.5",
    "tomli>=1; python_version < \"3.11\"",
]
files = [
    {file = "pytest-8.3.4-py3-none-any.whl", hash = "sha256:50e16d954148559c9a74109af1eaf0c945ba2d8f30f0a3d3335edde19788b6f6"},
    {file = "pytest-8.3.4.tar.gz", hash = "sha256:965370d062bce11e73868e0335abac31b4d3de0e82f4007408d242b4f8610761"},
]

[[package]]
name = "pyyaml"
version = "6.0.1"
requires_python = ">=3.6"
summary = "YAML parser and emitter for Python"
groups = ["default"]
files = [
    {file = "PyYAML-6.0.1-cp310-cp310-macosx_10_9_x86_64.whl", hash = "sha256:d858aa552c999bc8a8d57426ed01e40bef403cd8ccdd0fc5f6f04a00414cac2a"},
    {file = "PyYAML-6.0.1-cp310-cp310-macosx_11_0_arm64.whl", hash = "sha256:fd66fc5d0da6d9815ba2cebeb4205f95818ff4b79c3ebe268e75d961704af52f"},
    {file = "PyYAML-6.0.1-cp310-cp310-manylinux_2_17_aarch64.manylinux2014_aarch64.whl", hash = "sha256:69b023b2b4daa7548bcfbd4aa3da05b3a74b772db9e23b982788168117739938"},
    {file = "PyYAML-6.0.1-cp310-cp310-manylinux_2_17_s390x.manylinux2014_s390x.whl", hash = "sha256:81e0b275a9ecc9c0c0c07b4b90ba548307583c125f54d5b6946cfee6360c733d"},
    {file = "PyYAML-6.0.1-cp310-cp310-manylinux_2_17_x86_64.manylinux2014_x86_64.whl", hash = "sha256:ba336e390cd8e4d1739f42dfe9bb83a3cc2e80f567d8805e11b46f4a943f5515"},
    {file = "PyYAML-6.0.1-cp310-cp310-musllinux_1_1_x86_64.whl", hash = "sha256:326c013efe8048858a6d312ddd31d56e468118ad4cdeda36c719bf5bb6192290"},
    {file = "PyYAML-6.0.1-cp310-cp310-win32.whl", hash = "sha256:bd4af7373a854424dabd882decdc5579653d7868b8fb26dc7d0e99f823aa5924"},
    {file = "PyYAML-6.0.1-cp310-cp310-win_amd64.whl", hash = "sha256:fd1592b3fdf65fff2ad0004b5e363300ef59ced41c2e6b3a99d4089fa8c5435d"},
    {file = "PyYAML-6.0.1-cp311-cp311-macosx_10_9_x86_64.whl", hash = "sha256:6965a7bc3cf88e5a1c3bd2e0b5c22f8d677dc88a455344035f03399034eb3007"},
    {file = "PyYAML-6.0.1-cp311-cp311-macosx_11_0_arm64.whl", hash = "sha256:f003ed9ad21d6a4713f0a9b5a7a0a79e08dd0f221aff4525a2be4c346ee60aab"},
    {file = "PyYAML-6.0.1-cp311-cp311-manylinux_2_17_aarch64.manylinux2014_aarch64.whl", hash = "sha256:42f8152b8dbc4fe7d96729ec2b99c7097d656dc1213a3229ca5383f973a5ed6d"},
    {file = "PyYAML-6.0.1-cp311-cp311-manylinux_2_17_s390x.manylinux2014_s390x.whl", hash = "sha256:062582fca9fabdd2c8b54a3ef1c978d786e0f6b3a1510e0ac93ef59e0ddae2bc"},
    {file = "PyYAML-6.0.1-cp311-cp311-manylinux_2_17_x86_64.manylinux2014_x86_64.whl", hash = "sha256:d2b04aac4d386b172d5b9692e2d2da8de7bfb6c387fa4f801fbf6fb2e6ba4673"},
    {file = "PyYAML-6.0.1-cp311-cp311-musllinux_1_1_x86_64.whl", hash = "sha256:e7d73685e87afe9f3b36c799222440d6cf362062f78be1013661b00c5c6f678b"},
    {file = "PyYAML-6.0.1-cp311-cp311-win32.whl", hash = "sha256:1635fd110e8d85d55237ab316b5b011de701ea0f29d07611174a1b42f1444741"},
    {file = "PyYAML-6.0.1-cp311-cp311-win_amd64.whl", hash = "sha256:bf07ee2fef7014951eeb99f56f39c9bb4af143d8aa3c21b1677805985307da34"},
    {file = "PyYAML-6.0.1-cp312-cp312-macosx_10_9_x86_64.whl", hash = "sha256:855fb52b0dc35af121542a76b9a84f8d1cd886ea97c84703eaa6d88e37a2ad28"},
    {file = "PyYAML-6.0.1-cp312-cp312-macosx_11_0_arm64.whl", hash = "sha256:40df9b996c2b73138957fe23a16a4f0ba614f4c0efce1e9406a184b6d07fa3a9"},
    {file = "PyYAML-6.0.1-cp312-cp312-manylinux_2_17_aarch64.manylinux2014_aarch64.whl", hash = "sha256:a08c6f0fe150303c1c6b71ebcd7213c2858041a7e01975da3a99aed1e7a378ef"},
    {file = "PyYAML-6.0.1-cp312-cp312-manylinux_2_17_x86_64.manylinux2014_x86_64.whl", hash = "sha256:6c22bec3fbe2524cde73d7ada88f6566758a8f7227bfbf93a408a9d86bcc12a0"},
    {file = "PyYAML-6.0.1-cp312-cp312-musllinux_1_1_x86_64.whl", hash = "sha256:8d4e9c88387b0f5c7d5f281e55304de64cf7f9c0021a3525bd3b1c542da3b0e4"},
    {file = "PyYAML-6.0.1-cp312-cp312-win32.whl", hash = "sha256:d483d2cdf104e7c9fa60c544d92981f12ad66a457afae824d146093b8c294c54"},
    {file = "PyYAML-6.0.1-cp312-cp312-win_amd64.whl", hash = "sha256:0d3304d8c0adc42be59c5f8a4d9e3d7379e6955ad754aa9d6ab7a398b59dd1df"},
    {file = "PyYAML-6.0.1-cp39-cp39-macosx_10_9_x86_64.whl", hash = "sha256:9eb6caa9a297fc2c2fb8862bc5370d0303ddba53ba97e71f08023b6cd73d16a8"},
    {file = "PyYAML-6.0.1-cp39-cp39-macosx_11_0_arm64.whl", hash = "sha256:c8098ddcc2a85b61647b2590f825f3db38891662cfc2fc776415143f599bb859"},
    {file = "PyYAML-6.0.1-cp39-cp39-manylinux_2_17_aarch64.manylinux2014_aarch64.whl", hash = "sha256:5773183b6446b2c99bb77e77595dd486303b4faab2b086e7b17bc6bef28865f6"},
    {file = "PyYAML-6.0.1-cp39-cp39-manylinux_2_17_s390x.manylinux2014_s390x.whl", hash = "sha256:b786eecbdf8499b9ca1d697215862083bd6d2a99965554781d0d8d1ad31e13a0"},
    {file = "PyYAML-6.0.1-cp39-cp39-manylinux_2_17_x86_64.manylinux2014_x86_64.whl", hash = "sha256:bc1bf2925a1ecd43da378f4db9e4f799775d6367bdb94671027b73b393a7c42c"},
    {file = "PyYAML-6.0.1-cp39-cp39-musllinux_1_1_x86_64.whl", hash = "sha256:04ac92ad1925b2cff1db0cfebffb6ffc43457495c9b3c39d3fcae417d7125dc5"},
    {file = "PyYAML-6.0.1-cp39-cp39-win32.whl", hash = "sha256:faca3bdcf85b2fc05d06ff3fbc1f83e1391b3e724afa3feba7d13eeab355484c"},
    {file = "PyYAML-6.0.1-cp39-cp39-win_amd64.whl", hash = "sha256:510c9deebc5c0225e8c96813043e62b680ba2f9c50a08d3724c7f28a747d1486"},
    {file = "PyYAML-6.0.1.tar.gz", hash = "sha256:bfdf460b1736c775f2ba9f6a92bca30bc2095067b8a9d77876d1fad6cc3b4a43"},
]

[[package]]
name = "tomli"
version = "2.0.1"
requires_python = ">=3.7"
summary = "A lil' TOML parser"
groups = ["dev"]
marker = "python_version < \"3.11\""
files = [
    {file = "tomli-2.0.1-py3-none-any.whl", hash = "sha256:939de3e7a6161af0c887ef91b7d41a53e7c5a1ca976325f429cb46ea9bc30ecc"},
    {file = "tomli-2.0.1.tar.gz", hash = "sha256:de526c12914f0c550d15924c62d72abc48d6fe7364aa87328337a31007fe8a4f"},
]
